
Microsoft Visual Studio Solution File, Format Version 12.00
# Visual Studio Version 16
VisualStudioVersion = 16.0.29418.71
MinimumVisualStudioVersion = 10.0.40219.1
Project("{FAE04EC0-301F-11D3-BF4B-00C04F79EFBC}") = "ScaleNearestNeighborWpfCSharp", "ScaleNearestNeighborWpfCSharp.csproj", "{8FD2E5D9-4C04-49C1-BC72-DB1B477196FB}"
EndProject
Global
	GlobalSection(SolutionConfigurationPlatforms) = preSolution
		Debug|Any CPU = Debug|Any CPU
		Release|Any CPU = Release|Any CPU
	EndGlobalSection
	GlobalSection(ProjectConfigurationPlatforms) = postSolution
		{8FD2E5D9-4C04-49C1-BC72-DB1B477196FB}.Debug|Any CPU.ActiveCfg = Debug|Any CPU
		{8FD2E5D9-4C04-49C1-BC72-DB1B477196FB}.Debug|Any CPU.Build.0 = Debug|Any CPU
		{8FD2E5D9-4C04-49C1-BC72-DB1B477196FB}.Release|Any CPU.ActiveCfg = Release|Any CPU
		{8FD2E5D9-4C04-49C1-BC72-DB1B477196FB}.Release|Any CPU.Build.0 = Release|Any CPU
	EndGlobalSection
	GlobalSection(SolutionProperties) = preSolution
		HideSolutionNode = FALSE
	EndGlobalSection
	GlobalSection(ExtensibilityGlobals) = postSolution
		SolutionGuid = {EF818784-E63B-4236-83CC-88BAE9D54FD5}
	EndGlobalSection
EndGlobal
